
Microsoft Visual Studio Solution File, Format Version 12.00
# Visual Studio Version 17
VisualStudioVersion = 17.2.32616.157
MinimumVisualStudioVersion = 10.0.40219.1
Project("{FAE04EC0-301F-11D3-BF4B-00C04F79EFBC}") = "WpfAppCalc", "WpfAppCalc\WpfAppCalc.csproj", "{03D1DE63-2063-4178-8A5E-631DC371C038}"
EndProject
Global
	GlobalSection(SolutionConfigurationPlatforms) = preSolution
		Debug|Any CPU = Debug|Any CPU
		Release|Any CPU = Release|Any CPU
	EndGlobalSection
	GlobalSection(ProjectConfigurationPlatforms) = postSolution
		{03D1DE63-2063-4178-8A5E-631DC371C038}.Debug|Any CPU.ActiveCfg = Debug|Any CPU
		{03D1DE63-2063-4178-8A5E-631DC371C038}.Debug|Any CPU.Build.0 = Debug|Any CPU
		{03D1DE63-2063-4178-8A5E-631DC371C038}.Release|Any CPU.ActiveCfg = Release|Any CPU
		{03D1DE63-2063-4178-8A5E-631DC371C038}.Release|Any CPU.Build.0 = Release|Any CPU
	EndGlobalSection
	GlobalSection(SolutionProperties) = preSolution
		HideSolutionNode = FALSE
	EndGlobalSection
	GlobalSection(ExtensibilityGlobals) = postSolution
		SolutionGuid = {F6FA41E8-766C-449E-A943-32AE44931C04}
	EndGlobalSection
EndGlobal
